{
  "lockfileVersion": 1,
  "configVersion": 1,
  "workspaces": {
    "": {
      "name": "nanosha256",
      "dependencies": {
        "@swc/core": "^1.15.21",
        "@swc/html": "^1.15.21",
        "marked": "^17.0.5",
      },
      "devDependencies": {
        "@types/bun": "latest",
      },
      "peerDependencies": {
        "typescript": "^5",
      },
    },
  },
  "packages": {
    "@swc/core": ["@swc/core@1.15.21", "", { "dependencies": { "@swc/counter": "^0.1.3", "@swc/types": "^0.1.25" }, "optionalDependencies": { "@swc/core-darwin-arm64": "1.15.21", "@swc/core-darwin-x64": "1.15.21", "@swc/core-linux-arm-gnueabihf": "1.15.21", "@swc/core-linux-arm64-gnu": "1.15.21", "@swc/core-linux-arm64-musl": "1.15.21", "@swc/core-linux-ppc64-gnu": "1.15.21", "@swc/core-linux-s390x-gnu": "1.15.21", "@swc/core-linux-x64-gnu": "1.15.21", "@swc/core-linux-x64-musl": "1.15.21", "@swc/core-win32-arm64-msvc": "1.15.21", "@swc/core-win32-ia32-msvc": "1.15.21", "@swc/core-win32-x64-msvc": "1.15.21" }, "peerDependencies": { "@swc/helpers": ">=0.5.17" }, "optionalPeers": ["@swc/helpers"] }, "sha512-fkk7NJcBscrR3/F8jiqlMptRHP650NxqDnspBMrRe5d8xOoCy9MLL5kOBLFXjFLfMo3KQQHhk+/jUULOMlR1uQ=="],

    "@swc/core-darwin-arm64": ["@swc/core-darwin-arm64@1.15.21", "", { "os": "darwin", "cpu": "arm64" }, "sha512-SA8SFg9dp0qKRH8goWsax6bptFE2EdmPf2YRAQW9WoHGf3XKM1bX0nd5UdwxmC5hXsBUZAYf7xSciCler6/oyA=="],

    "@swc/core-darwin-x64": ["@swc/core-darwin-x64@1.15.21", "", { "os": "darwin", "cpu": "x64" }, "sha512-//fOVntgowz9+V90lVsNCtyyrtbHp3jWH6Rch7MXHXbcvbLmbCTmssl5DeedUWLLGiAAW1wksBdqdGYOTjaNLw=="],

    "@swc/core-linux-arm-gnueabihf": ["@swc/core-linux-arm-gnueabihf@1.15.21", "", { "os": "linux", "cpu": "arm" }, "sha512-meNI4Sh6h9h8DvIfEc0l5URabYMSuNvyisLmG6vnoYAS43s8ON3NJR8sDHvdP7NJTrLe0q/x2XCn6yL/BeHcZg=="],

    "@swc/core-linux-arm64-gnu": ["@swc/core-linux-arm64-gnu@1.15.21", "", { "os": "linux", "cpu": "arm64" }, "sha512-QrXlNQnHeXqU2EzLlnsPoWEh8/GtNJLvfMiPsDhk+ht6Xv8+vhvZ5YZ/BokNWSIZiWPKLAqR0M7T92YF5tmD3g=="],

    "@swc/core-linux-arm64-musl": ["@swc/core-linux-arm64-musl@1.15.21", "", { "os": "linux", "cpu": "arm64" }, "sha512-8/yGCMO333ultDaMQivE5CjO6oXDPeeg1IV4sphojPkb0Pv0i6zvcRIkgp60xDB+UxLr6VgHgt+BBgqS959E9g=="],

    "@swc/core-linux-ppc64-gnu": ["@swc/core-linux-ppc64-gnu@1.15.21", "", { "os": "linux", "cpu": "ppc64" }, "sha512-ucW0HzPx0s1dgRvcvuLSPSA/2Kk/VYTv9st8qe1Kc22Gu0Q0rH9+6TcBTmMuNIp0Xs4BPr1uBttmbO1wEGI49Q=="],

    "@swc/core-linux-s390x-gnu": ["@swc/core-linux-s390x-gnu@1.15.21", "", { "os": "linux", "cpu": "s390x" }, "sha512-ulTnOGc5I7YRObE/9NreAhQg94QkiR5qNhhcUZ1iFAYjzg/JGAi1ch+s/Ixe61pMIr8bfVrF0NOaB0f8wjaAfA=="],

    "@swc/core-linux-x64-gnu": ["@swc/core-linux-x64-gnu@1.15.21", "", { "os": "linux", "cpu": "x64" }, "sha512-D0RokxtM+cPvSqJIKR6uja4hbD+scI9ezo95mBhfSyLUs9wnPPl26sLp1ZPR/EXRdYm3F3S6RUtVi+8QXhT24Q=="],

    "@swc/core-linux-x64-musl": ["@swc/core-linux-x64-musl@1.15.21", "", { "os": "linux", "cpu": "x64" }, "sha512-nER8u7VeRfmU6fMDzl1NQAbbB/G7O2avmvCOwIul1uGkZ2/acbPH+DCL9h5+0yd/coNcxMBTL6NGepIew+7C2w=="],

    "@swc/core-win32-arm64-msvc": ["@swc/core-win32-arm64-msvc@1.15.21", "", { "os": "win32", "cpu": "arm64" }, "sha512-+/AgNBnjYugUA8C0Do4YzymgvnGbztv7j8HKSQLvR/DQgZPoXQ2B3PqB2mTtGh/X5DhlJWiqnunN35JUgWcAeQ=="],

    "@swc/core-win32-ia32-msvc": ["@swc/core-win32-ia32-msvc@1.15.21", "", { "os": "win32", "cpu": "ia32" }, "sha512-IkSZj8PX/N4HcaFhMQtzmkV8YSnuNoJ0E6OvMwFiOfejPhiKXvl7CdDsn1f4/emYEIDO3fpgZW9DTaCRMDxaDA=="],

    "@swc/core-win32-x64-msvc": ["@swc/core-win32-x64-msvc@1.15.21", "", { "os": "win32", "cpu": "x64" }, "sha512-zUyWso7OOENB6e1N1hNuNn8vbvLsTdKQ5WKLgt/JcBNfJhKy/6jmBmqI3GXk/MyvQKd5SLvP7A0F36p7TeDqvw=="],

    "@swc/counter": ["@swc/counter@0.1.3", "", {}, "sha512-e2BR4lsJkkRlKZ/qCHPw9ZaSxc0MVUd7gtbtaB7aMvHeJVYe8sOB8DBZkP2DtISHGSku9sCK6T6cnY0CtXrOCQ=="],

    "@swc/html": ["@swc/html@1.15.21", "", { "dependencies": { "@swc/counter": "^0.1.3" }, "optionalDependencies": { "@swc/html-darwin-arm64": "1.15.21", "@swc/html-darwin-x64": "1.15.21", "@swc/html-linux-arm-gnueabihf": "1.15.21", "@swc/html-linux-arm64-gnu": "1.15.21", "@swc/html-linux-arm64-musl": "1.15.21", "@swc/html-linux-ppc64-gnu": "1.15.21", "@swc/html-linux-s390x-gnu": "1.15.21", "@swc/html-linux-x64-gnu": "1.15.21", "@swc/html-linux-x64-musl": "1.15.21", "@swc/html-win32-arm64-msvc": "1.15.21", "@swc/html-win32-ia32-msvc": "1.15.21", "@swc/html-win32-x64-msvc": "1.15.21" } }, "sha512-4Ez+CMLKseCnTpljt/aL55fDqhv53hpcVH7F/mmBOr2mwML7heJ7LwCDp3SLT3AJIGJJQyX1R5aIDA+Aaav7/Q=="],

    "@swc/html-darwin-arm64": ["@swc/html-darwin-arm64@1.15.21", "", { "os": "darwin", "cpu": "arm64" }, "sha512-zl/1R7R+SqjcK9mxO3A/G/Q3Oo7Pq1jNq7IeDSwCs00OrSuoO5aHYaGPoTc76IKdSV92rwrF//5wQMfqW1oMqg=="],

    "@swc/html-darwin-x64": ["@swc/html-darwin-x64@1.15.21", "", { "os": "darwin", "cpu": "x64" }, "sha512-Ywf5/izkcQhPcaQLPDymNjYRYzVTJ203F7CrIJSUcqmIglzJ9q01Tx4qQKZb9t/IKORLxX2jgX+n9Y+fRAkhzw=="],

    "@swc/html-linux-arm-gnueabihf": ["@swc/html-linux-arm-gnueabihf@1.15.21", "", { "os": "linux", "cpu": "arm" }, "sha512-vFKemaaIk6mPYC3jk1gjx1WPZt/bDZmt9pvYcyOSt2WJnHanlWJ0vwjOI1Qe+hfJvJw8x7WV+9/4FdinKNtNUQ=="],

    "@swc/html-linux-arm64-gnu": ["@swc/html-linux-arm64-gnu@1.15.21", "", { "os": "linux", "cpu": "arm64" }, "sha512-gEFIGzgc4GLzrOohFKmNpbdKMULTrML4kf+zGfWMs0X2ADM81h5lshnL0qMUluyA/hZSFnsYvyws/nrwTEwt7g=="],

    "@swc/html-linux-arm64-musl": ["@swc/html-linux-arm64-musl@1.15.21", "", { "os": "linux", "cpu": "arm64" }, "sha512-5nmn4R+piAjihLljH+Jwb9Gk2haycj8G6K9V9ZVNyDqaEYTAUYJZ8EHhc8TF7Ahpx5p3bk7P/f5477tSXYPCSQ=="],

    "@swc/html-linux-ppc64-gnu": ["@swc/html-linux-ppc64-gnu@1.15.21", "", { "os": "linux", "cpu": "ppc64" }, "sha512-1IrCRrtajMB31w2r9tYW+PqlFqlURHkEGP2ANrY/Acy9XHagMsigkFDQipRDMN34l98stbCqY571dTaVgvtdkQ=="],

    "@swc/html-linux-s390x-gnu": ["@swc/html-linux-s390x-gnu@1.15.21", "", { "os": "linux", "cpu": "s390x" }, "sha512-crajxIQbREw1TZFhGtwl3R3bNuwCD/Vn5r3RwtxVtEHA8RyvR0pDdxydhtvw5/TWxZLTZMsLmjK94Zw8qxoW0A=="],

    "@swc/html-linux-x64-gnu": ["@swc/html-linux-x64-gnu@1.15.21", "", { "os": "linux", "cpu": "x64" }, "sha512-ezjsD27nmghJCHWB4VZ938kiR6D8rzDCxLXpacrBCXCKmeP00136vKwVem8xnTsQ4ZXlqSCO3EtCEI+et7m2eQ=="],

    "@swc/html-linux-x64-musl": ["@swc/html-linux-x64-musl@1.15.21", "", { "os": "linux", "cpu": "x64" }, "sha512-9lLrJ+Eaxu0qfIoJbrBW1sz0sxvPfN+A3lAt/Yq1eNoSyQExaoM6+IekkJtgpJBL5Gl0aM7o+cdwWtaizDKk7w=="],

    "@swc/html-win32-arm64-msvc": ["@swc/html-win32-arm64-msvc@1.15.21", "", { "os": "win32", "cpu": "arm64" }, "sha512-5Mya7l0yswu4LO9a+F9AQ6TQoWc9ee5NXEy8JTGiRVgE7tjZClp68HfS6QxZ4w3MrjtwngweNeoFnqKPQOlqiA=="],

    "@swc/html-win32-ia32-msvc": ["@swc/html-win32-ia32-msvc@1.15.21", "", { "os": "win32", "cpu": "ia32" }, "sha512-XhMPG/JEDPRmZG/7ruGlMOXO2J/2WhJIIqed6UbVyJt6morKevokPrUTrnPjklCkNKJ6ifcq36cH7BO8p1Vl8Q=="],

    "@swc/html-win32-x64-msvc": ["@swc/html-win32-x64-msvc@1.15.21", "", { "os": "win32", "cpu": "x64" }, "sha512-xRc3aWM5WY3sddHxUJqUF63L142MezT40IBg5T8BvXxZiWdEakVsMGFpQogez4IsgPdFhvVjKexMzE3BA5yvnw=="],

    "@swc/types": ["@swc/types@0.1.26", "", { "dependencies": { "@swc/counter": "^0.1.3" } }, "sha512-lyMwd7WGgG79RS7EERZV3T8wMdmPq3xwyg+1nmAM64kIhx5yl+juO2PYIHb7vTiPgPCj8LYjsNV2T5wiQHUEaw=="],

    "@types/bun": ["@types/bun@1.3.11", "", { "dependencies": { "bun-types": "1.3.11" } }, "sha512-5vPne5QvtpjGpsGYXiFyycfpDF2ECyPcTSsFBMa0fraoxiQyMJ3SmuQIGhzPg2WJuWxVBoxWJ2kClYTcw/4fAg=="],

    "@types/node": ["@types/node@25.5.0", "", { "dependencies": { "undici-types": "~7.18.0" } }, "sha512-jp2P3tQMSxWugkCUKLRPVUpGaL5MVFwF8RDuSRztfwgN1wmqJeMSbKlnEtQqU8UrhTmzEmZdu2I6v2dpp7XIxw=="],

    "bun-types": ["bun-types@1.3.11", "", { "dependencies": { "@types/node": "*" } }, "sha512-1KGPpoxQWl9f6wcZh57LvrPIInQMn2TQ7jsgxqpRzg+l0QPOFvJVH7HmvHo/AiPgwXy+/Thf6Ov3EdVn1vOabg=="],

    "marked": ["marked@17.0.5", "", { "bin": { "marked": "bin/marked.js" } }, "sha512-6hLvc0/JEbRjRgzI6wnT2P1XuM1/RrrDEX0kPt0N7jGm1133g6X7DlxFasUIx+72aKAr904GTxhSLDrd5DIlZg=="],

    "typescript": ["typescript@5.9.3", "", { "bin": { "tsc": "bin/tsc", "tsserver": "bin/tsserver" } }, "sha512-jl1vZzPDinLr9eUt3J/t7V6FgNEw9QjvBPdysz9KfQDD41fQrC2Y4vKQdiaUpFT4bXlb1RHhLpp8wtm6M5TgSw=="],

    "undici-types": ["undici-types@7.18.2", "", {}, "sha512-AsuCzffGHJybSaRrmr5eHr81mwJU3kjw6M+uprWvCXiNeN9SOGwQ3Jn8jb8m3Z6izVgknn1R0FTCEAP2QrLY/w=="],
  }
}
